
Microsoft Visual Studio Solution File, Format Version 12.00
# Visual Studio Version 17
VisualStudioVersion = 17.3.32825.248
MinimumVisualStudioVersion = 10.0.40219.1
Project("{FAE04EC0-301F-11D3-BF4B-00C04F79EFBC}") = "Temat_08pd", "Temat_08pd\Temat_08pd.csproj", "{495D6EBD-D55C-4FC9-9EB8-930FE4A0CE58}"
EndProject
Global
	GlobalSection(SolutionConfigurationPlatforms) = preSolution
		Debug|Any CPU = Debug|Any CPU
		Release|Any CPU = Release|Any CPU
	EndGlobalSection
	GlobalSection(ProjectConfigurationPlatforms) = postSolution
		{495D6EBD-D55C-4FC9-9EB8-930FE4A0CE58}.Debug|Any CPU.ActiveCfg = Debug|Any CPU
		{495D6EBD-D55C-4FC9-9EB8-930FE4A0CE58}.Debug|Any CPU.Build.0 = Debug|Any CPU
		{495D6EBD-D55C-4FC9-9EB8-930FE4A0CE58}.Release|Any CPU.ActiveCfg = Release|Any CPU
		{495D6EBD-D55C-4FC9-9EB8-930FE4A0CE58}.Release|Any CPU.Build.0 = Release|Any CPU
	EndGlobalSection
	GlobalSection(SolutionProperties) = preSolution
		HideSolutionNode = FALSE
	EndGlobalSection
	GlobalSection(ExtensibilityGlobals) = postSolution
		SolutionGuid = {4B190AC8-C614-492B-BF26-009021296D4D}
	EndGlobalSection
EndGlobal
